
Microsoft Visual Studio Solution File, Format Version 12.00
# Visual Studio 15
VisualStudioVersion = 15.0.28010.2050
MinimumVisualStudioVersion = 10.0.40219.1
Project("{FAE04EC0-301F-11D3-BF4B-00C04F79EFBC}") = "WebViewIssues.UWP", "WebViewIssues\WebViewIssues.UWP\WebViewIssues.UWP.csproj", "{7BED9DB1-47E9-4349-A062-A2DFCF6BF2C1}"
EndProject
Project("{FAE04EC0-301F-11D3-BF4B-00C04F79EFBC}") = "WebViewIssues", "WebViewIssues\WebViewIssues\WebViewIssues.csproj", "{FF6259C2-BA38-4576-92E4-4E5D6230C86E}"
EndProject
Project("{FAE04EC0-301F-11D3-BF4B-00C04F79EFBC}") = "WebViewIssues.macOS", "WebViewIssues\WebViewIssues.macOS\WebViewIssues.macOS.csproj", "{60DDBBF1-6156-492B-8710-BE143AE36BA3}"
EndProject
Global
	GlobalSection(SolutionConfigurationPlatforms) = preSolution
		Debug|Any CPU = Debug|Any CPU
		Debug|ARM = Debug|ARM
		Debug|x64 = Debug|x64
		Debug|x86 = Debug|x86
		Release|Any CPU = Release|Any CPU
		Release|ARM = Release|ARM
		Release|x64 = Release|x64
		Release|x86 = Release|x86
	EndGlobalSection
	GlobalSection(ProjectConfigurationPlatforms) = postSolution
		{7BED9DB1-47E9-4349-A062-A2DFCF6BF2C1}.Debug|Any CPU.ActiveCfg = Debug|x86
		{7BED9DB1-47E9-4349-A062-A2DFCF6BF2C1}.Debug|Any CPU.Build.0 = Debug|x86
		{7BED9DB1-47E9-4349-A062-A2DFCF6BF2C1}.Debug|Any CPU.Deploy.0 = Debug|x86
		{7BED9DB1-47E9-4349-A062-A2DFCF6BF2C1}.Debug|ARM.ActiveCfg = Debug|ARM
		{7BED9DB1-47E9-4349-A062-A2DFCF6BF2C1}.Debug|ARM.Build.0 = Debug|ARM
		{7BED9DB1-47E9-4349-A062-A2DFCF6BF2C1}.Debug|ARM.Deploy.0 = Debug|ARM
		{7BED9DB1-47E9-4349-A062-A2DFCF6BF2C1}.Debug|x64.ActiveCfg = Debug|x64
		{7BED9DB1-47E9-4349-A062-A2DFCF6BF2C1}.Debug|x64.Build.0 = Debug|x64
		{7BED9DB1-47E9-4349-A062-A2DFCF6BF2C1}.Debug|x64.Deploy.0 = Debug|x64
		{7BED9DB1-47E9-4349-A062-A2DFCF6BF2C1}.Debug|x86.ActiveCfg = Debug|x86
		{7BED9DB1-47E9-4349-A062-A2DFCF6BF2C1}.Debug|x86.Build.0 = Debug|x86
		{7BED9DB1-47E9-4349-A062-A2DFCF6BF2C1}.Debug|x86.Deploy.0 = Debug|x86
		{7BED9DB1-47E9-4349-A062-A2DFCF6BF2C1}.Release|Any CPU.ActiveCfg = Release|x86
		{7BED9DB1-47E9-4349-A062-A2DFCF6BF2C1}.Release|Any CPU.Build.0 = Release|x86
		{7BED9DB1-47E9-4349-A062-A2DFCF6BF2C1}.Release|Any CPU.Deploy.0 = Release|x86
		{7BED9DB1-47E9-4349-A062-A2DFCF6BF2C1}.Release|ARM.ActiveCfg = Release|ARM
		{7BED9DB1-47E9-4349-A062-A2DFCF6BF2C1}.Release|ARM.Build.0 = Release|ARM
		{7BED9DB1-47E9-4349-A062-A2DFCF6BF2C1}.Release|ARM.Deploy.0 = Release|ARM
		{7BED9DB1-47E9-4349-A062-A2DFCF6BF2C1}.Release|x64.ActiveCfg = Release|x64
		{7BED9DB1-47E9-4349-A062-A2DFCF6BF2C1}.Release|x64.Build.0 = Release|x64
		{7BED9DB1-47E9-4349-A062-A2DFCF6BF2C1}.Release|x64.Deploy.0 = Release|x64
		{7BED9DB1-47E9-4349-A062-A2DFCF6BF2C1}.Release|x86.ActiveCfg = Release|x86
		{7BED9DB1-47E9-4349-A062-A2DFCF6BF2C1}.Release|x86.Build.0 = Release|x86
		{7BED9DB1-47E9-4349-A062-A2DFCF6BF2C1}.Release|x86.Deploy.0 = Release|x86
		{FF6259C2-BA38-4576-92E4-4E5D6230C86E}.Debug|Any CPU.ActiveCfg = Debug|Any CPU
		{FF6259C2-BA38-4576-92E4-4E5D6230C86E}.Debug|Any CPU.Build.0 = Debug|Any CPU
		{FF6259C2-BA38-4576-92E4-4E5D6230C86E}.Debug|Any CPU.Deploy.0 = Debug|Any CPU
		{FF6259C2-BA38-4576-92E4-4E5D6230C86E}.Debug|ARM.ActiveCfg = Debug|Any CPU
		{FF6259C2-BA38-4576-92E4-4E5D6230C86E}.Debug|ARM.Build.0 = Debug|Any CPU
		{FF6259C2-BA38-4576-92E4-4E5D6230C86E}.Debug|ARM.Deploy.0 = Debug|Any CPU
		{FF6259C2-BA38-4576-92E4-4E5D6230C86E}.Debug|x64.ActiveCfg = Debug|Any CPU
		{FF6259C2-BA38-4576-92E4-4E5D6230C86E}.Debug|x64.Build.0 = Debug|Any CPU
		{FF6259C2-BA38-4576-92E4-4E5D6230C86E}.Debug|x64.Deploy.0 = Debug|Any CPU
		{FF6259C2-BA38-4576-92E4-4E5D6230C86E}.Debug|x86.ActiveCfg = Debug|Any CPU
		{FF6259C2-BA38-4576-92E4-4E5D6230C86E}.Debug|x86.Build.0 = Debug|Any CPU
		{FF6259C2-BA38-4576-92E4-4E5D6230C86E}.Debug|x86.Deploy.0 = Debug|Any CPU
		{FF6259C2-BA38-4576-92E4-4E5D6230C86E}.Release|Any CPU.ActiveCfg = Release|Any CPU
		{FF6259C2-BA38-4576-92E4-4E5D6230C86E}.Release|Any CPU.Build.0 = Release|Any CPU
		{FF6259C2-BA38-4576-92E4-4E5D6230C86E}.Release|Any CPU.Deploy.0 = Release|Any CPU
		{FF6259C2-BA38-4576-92E4-4E5D6230C86E}.Release|ARM.ActiveCfg = Release|Any CPU
		{FF6259C2-BA38-4576-92E4-4E5D6230C86E}.Release|ARM.Build.0 = Release|Any CPU
		{FF6259C2-BA38-4576-92E4-4E5D6230C86E}.Release|ARM.Deploy.0 = Release|Any CPU
		{FF6259C2-BA38-4576-92E4-4E5D6230C86E}.Release|x64.ActiveCfg = Release|Any CPU
		{FF6259C2-BA38-4576-92E4-4E5D6230C86E}.Release|x64.Build.0 = Release|Any CPU
		{FF6259C2-BA38-4576-92E4-4E5D6230C86E}.Release|x64.Deploy.0 = Release|Any CPU
		{FF6259C2-BA38-4576-92E4-4E5D6230C86E}.Release|x86.ActiveCfg = Release|Any CPU
		{FF6259C2-BA38-4576-92E4-4E5D6230C86E}.Release|x86.Build.0 = Release|Any CPU
		{FF6259C2-BA38-4576-92E4-4E5D6230C86E}.Release|x86.Deploy.0 = Release|Any CPU
		{60DDBBF1-6156-492B-8710-BE143AE36BA3}.Debug|Any CPU.ActiveCfg = Debug|Any CPU
		{60DDBBF1-6156-492B-8710-BE143AE36BA3}.Debug|Any CPU.Build.0 = Debug|Any CPU
		{60DDBBF1-6156-492B-8710-BE143AE36BA3}.Debug|ARM.ActiveCfg = Debug|Any CPU
		{60DDBBF1-6156-492B-8710-BE143AE36BA3}.Debug|ARM.Build.0 = Debug|Any CPU
		{60DDBBF1-6156-492B-8710-BE143AE36BA3}.Debug|x64.ActiveCfg = Debug|Any CPU
		{60DDBBF1-6156-492B-8710-BE143AE36BA3}.Debug|x64.Build.0 = Debug|Any CPU
		{60DDBBF1-6156-492B-8710-BE143AE36BA3}.Debug|x86.ActiveCfg = Debug|Any CPU
		{60DDBBF1-6156-492B-8710-BE143AE36BA3}.Debug|x86.Build.0 = Debug|Any CPU
		{60DDBBF1-6156-492B-8710-BE143AE36BA3}.Release|Any CPU.ActiveCfg = Release|Any CPU
		{60DDBBF1-6156-492B-8710-BE143AE36BA3}.Release|Any CPU.Build.0 = Release|Any CPU
		{60DDBBF1-6156-492B-8710-BE143AE36BA3}.Release|ARM.ActiveCfg = Release|Any CPU
		{60DDBBF1-6156-492B-8710-BE143AE36BA3}.Release|ARM.Build.0 = Release|Any CPU
		{60DDBBF1-6156-492B-8710-BE143AE36BA3}.Release|x64.ActiveCfg = Release|Any CPU
		{60DDBBF1-6156-492B-8710-BE143AE36BA3}.Release|x64.Build.0 = Release|Any CPU
		{60DDBBF1-6156-492B-8710-BE143AE36BA3}.Release|x86.ActiveCfg = Release|Any CPU
		{60DDBBF1-6156-492B-8710-BE143AE36BA3}.Release|x86.Build.0 = Release|Any CPU
	EndGlobalSection
	GlobalSection(SolutionProperties) = preSolution
		HideSolutionNode = FALSE
	EndGlobalSection
	GlobalSection(ExtensibilityGlobals) = postSolution
		SolutionGuid = {AD02878B-2D0E-4754-B404-D25DC63C2312}
	EndGlobalSection
EndGlobal
